
Microsoft Visual Studio Solution File, Format Version 12.00
# Visual Studio 14
VisualStudioVersion = 14.0.25420.1
MinimumVisualStudioVersion = 10.0.40219.1
Project("{8BC9CEB8-8B4A-11D0-8D11-00A0C91BC942}") = "DShowCapture", "DShowCapture\DShowCapture.vcxproj", "{60F7904B-FE65-4746-982C-2E4CAD29BEB1}"
EndProject
Project("{8BC9CEB8-8B4A-11D0-8D11-00A0C91BC942}") = "libjrtp", "DShowCapture\jrtp\libjrtp\libjrtp.vcxproj", "{B901A83A-D3F9-4728-BA7E-D7E874B0C732}"
EndProject
Global
	GlobalSection(SolutionConfigurationPlatforms) = preSolution
		Debug|Win32 = Debug|Win32
		Debug|x64 = Debug|x64
		Release|Win32 = Release|Win32
		Release|x64 = Release|x64
	EndGlobalSection
	GlobalSection(ProjectConfigurationPlatforms) = postSolution
		{60F7904B-FE65-4746-982C-2E4CAD29BEB1}.Debug|Win32.ActiveCfg = Debug|Win32
		{60F7904B-FE65-4746-982C-2E4CAD29BEB1}.Debug|Win32.Build.0 = Debug|Win32
		{60F7904B-FE65-4746-982C-2E4CAD29BEB1}.Debug|x64.ActiveCfg = Debug|Win32
		{60F7904B-FE65-4746-982C-2E4CAD29BEB1}.Release|Win32.ActiveCfg = Release|Win32
		{60F7904B-FE65-4746-982C-2E4CAD29BEB1}.Release|Win32.Build.0 = Release|Win32
		{60F7904B-FE65-4746-982C-2E4CAD29BEB1}.Release|x64.ActiveCfg = Release|Win32
		{B901A83A-D3F9-4728-BA7E-D7E874B0C732}.Debug|Win32.ActiveCfg = Debug|Win32
		{B901A83A-D3F9-4728-BA7E-D7E874B0C732}.Debug|Win32.Build.0 = Debug|Win32
		{B901A83A-D3F9-4728-BA7E-D7E874B0C732}.Debug|x64.ActiveCfg = Debug|x64
		{B901A83A-D3F9-4728-BA7E-D7E874B0C732}.Debug|x64.Build.0 = Debug|x64
		{B901A83A-D3F9-4728-BA7E-D7E874B0C732}.Release|Win32.ActiveCfg = Release|Win32
		{B901A83A-D3F9-4728-BA7E-D7E874B0C732}.Release|Win32.Build.0 = Release|Win32
		{B901A83A-D3F9-4728-BA7E-D7E874B0C732}.Release|x64.ActiveCfg = Release|x64
		{B901A83A-D3F9-4728-BA7E-D7E874B0C732}.Release|x64.Build.0 = Release|x64
	EndGlobalSection
	GlobalSection(SolutionProperties) = preSolution
		HideSolutionNode = FALSE
	EndGlobalSection
EndGlobal
