<?xml version="1.0" encoding="utf-8"?>
<Project ToolsVersion="4.0" xmlns="http://schemas.microsoft.com/developer/msbuild/2003">
  <ItemGroup>
    <Filter Include="源文件">
      <UniqueIdentifier>{4FC737F1-C7A5-4376-A066-2A32D752A2FF}</UniqueIdentifier>
      <Extensions>cpp;c;cc;cxx;def;odl;idl;hpj;bat;asm;asmx</Extensions>
    </Filter>
    <Filter Include="头文件">
      <UniqueIdentifier>{93995380-89BD-4b04-88EB-625FBE52EBFB}</UniqueIdentifier>
      <Extensions>h;hh;hpp;hxx;hm;inl;inc;xsd</Extensions>
    </Filter>
    <Filter Include="资源文件">
      <UniqueIdentifier>{67DA6AB6-F800-4c08-8B7A-83BB121AAD01}</UniqueIdentifier>
      <Extensions>rc;ico;cur;bmp;dlg;rc2;rct;bin;rgs;gif;jpg;jpeg;jpe;resx;tiff;tif;png;wav;mfcribbon-ms</Extensions>
    </Filter>
  </ItemGroup>
  <ItemGroup>
    <Text Include="ReadMe.txt" />
  </ItemGroup>
  <ItemGroup>
    <ClInclude Include="DShowCapture.h">
      <Filter>头文件</Filter>
    </ClInclude>
    <ClInclude Include="DShowCaptureDlg.h">
      <Filter>头文件</Filter>
    </ClInclude>
    <ClInclude Include="stdafx.h">
      <Filter>头文件</Filter>
    </ClInclude>
    <ClInclude Include="targetver.h">
      <Filter>头文件</Filter>
    </ClInclude>
    <ClInclude Include="Resource.h">
      <Filter>头文件</Filter>
    </ClInclude>
    <ClInclude Include="src\video_capture\video_capture.h">
      <Filter>源文件</Filter>
    </ClInclude>
    <ClInclude Include="include\video_capture.h">
      <Filter>头文件</Filter>
    </ClInclude>
    <ClInclude Include="include\SampleGrabberCB.h">
      <Filter>头文件</Filter>
    </ClInclude>
    <ClInclude Include="codec\include\libavcodec\ac3_parser.h">
      <Filter>头文件</Filter>
    </ClInclude>
    <ClInclude Include="codec\include\libavcodec\adts_parser.h">
      <Filter>头文件</Filter>
    </ClInclude>
    <ClInclude Include="codec\include\libavcodec\avcodec.h">
      <Filter>头文件</Filter>
    </ClInclude>
    <ClInclude Include="codec\include\libavcodec\avdct.h">
      <Filter>头文件</Filter>
    </ClInclude>
    <ClInclude Include="codec\include\libavcodec\avfft.h">
      <Filter>头文件</Filter>
    </ClInclude>
    <ClInclude Include="codec\include\libavcodec\d3d11va.h">
      <Filter>头文件</Filter>
    </ClInclude>
    <ClInclude Include="codec\include\libavcodec\dirac.h">
      <Filter>头文件</Filter>
    </ClInclude>
    <ClInclude Include="codec\include\libavcodec\dv_profile.h">
      <Filter>头文件</Filter>
    </ClInclude>
    <ClInclude Include="codec\include\libavcodec\dxva2.h">
      <Filter>头文件</Filter>
    </ClInclude>
    <ClInclude Include="codec\include\libavcodec\jni.h">
      <Filter>头文件</Filter>
    </ClInclude>
    <ClInclude Include="codec\include\libavcodec\mediacodec.h">
      <Filter>头文件</Filter>
    </ClInclude>
    <ClInclude Include="codec\include\libavcodec\qsv.h">
      <Filter>头文件</Filter>
    </ClInclude>
    <ClInclude Include="codec\include\libavcodec\vaapi.h">
      <Filter>头文件</Filter>
    </ClInclude>
    <ClInclude Include="codec\include\libavcodec\vdpau.h">
      <Filter>头文件</Filter>
    </ClInclude>
    <ClInclude Include="codec\include\libavcodec\version.h">
      <Filter>头文件</Filter>
    </ClInclude>
    <ClInclude Include="codec\include\libavcodec\videotoolbox.h">
      <Filter>头文件</Filter>
    </ClInclude>
    <ClInclude Include="codec\include\libavcodec\vorbis_parser.h">
      <Filter>头文件</Filter>
    </ClInclude>
    <ClInclude Include="codec\include\libavcodec\xvmc.h">
      <Filter>头文件</Filter>
    </ClInclude>
    <ClInclude Include="codec\include\libavfilter\avfilter.h">
      <Filter>头文件</Filter>
    </ClInclude>
    <ClInclude Include="codec\include\libavfilter\buffersink.h">
      <Filter>头文件</Filter>
    </ClInclude>
    <ClInclude Include="codec\include\libavfilter\buffersrc.h">
      <Filter>头文件</Filter>
    </ClInclude>
    <ClInclude Include="codec\include\libavfilter\version.h">
      <Filter>头文件</Filter>
    </ClInclude>
    <ClInclude Include="codec\include\libavformat\avformat.h">
      <Filter>头文件</Filter>
    </ClInclude>
    <ClInclude Include="codec\include\libavformat\avio.h">
      <Filter>头文件</Filter>
    </ClInclude>
    <ClInclude Include="codec\include\libavformat\version.h">
      <Filter>头文件</Filter>
    </ClInclude>
    <ClInclude Include="codec\include\libavutil\adler32.h">
      <Filter>头文件</Filter>
    </ClInclude>
    <ClInclude Include="codec\include\libavutil\aes.h">
      <Filter>头文件</Filter>
    </ClInclude>
    <ClInclude Include="codec\include\libavutil\aes_ctr.h">
      <Filter>头文件</Filter>
    </ClInclude>
    <ClInclude Include="codec\include\libavutil\attributes.h">
      <Filter>头文件</Filter>
    </ClInclude>
    <ClInclude Include="codec\include\libavutil\audio_fifo.h">
      <Filter>头文件</Filter>
    </ClInclude>
    <ClInclude Include="codec\include\libavutil\avassert.h">
      <Filter>头文件</Filter>
    </ClInclude>
    <ClInclude Include="codec\include\libavutil\avconfig.h">
      <Filter>头文件</Filter>
    </ClInclude>
    <ClInclude Include="codec\include\libavutil\avstring.h">
      <Filter>头文件</Filter>
    </ClInclude>
    <ClInclude Include="codec\include\libavutil\avutil.h">
      <Filter>头文件</Filter>
    </ClInclude>
    <ClInclude Include="codec\include\libavutil\base64.h">
      <Filter>头文件</Filter>
    </ClInclude>
    <ClInclude Include="codec\include\libavutil\blowfish.h">
      <Filter>头文件</Filter>
    </ClInclude>
    <ClInclude Include="codec\include\libavutil\bprint.h">
      <Filter>头文件</Filter>
    </ClInclude>
    <ClInclude Include="codec\include\libavutil\bswap.h">
      <Filter>头文件</Filter>
    </ClInclude>
    <ClInclude Include="codec\include\libavutil\buffer.h">
      <Filter>头文件</Filter>
    </ClInclude>
    <ClInclude Include="codec\include\libavutil\camellia.h">
      <Filter>头文件</Filter>
    </ClInclude>
    <ClInclude Include="codec\include\libavutil\cast5.h">
      <Filter>头文件</Filter>
    </ClInclude>
    <ClInclude Include="codec\include\libavutil\channel_layout.h">
      <Filter>头文件</Filter>
    </ClInclude>
    <ClInclude Include="codec\include\libavutil\common.h">
      <Filter>头文件</Filter>
    </ClInclude>
    <ClInclude Include="codec\include\libavutil\cpu.h">
      <Filter>头文件</Filter>
    </ClInclude>
    <ClInclude Include="codec\include\libavutil\crc.h">
      <Filter>头文件</Filter>
    </ClInclude>
    <ClInclude Include="codec\include\libavutil\des.h">
      <Filter>头文件</Filter>
    </ClInclude>
    <ClInclude Include="codec\include\libavutil\dict.h">
      <Filter>头文件</Filter>
    </ClInclude>
    <ClInclude Include="codec\include\libavutil\display.h">
      <Filter>头文件</Filter>
    </ClInclude>
    <ClInclude Include="codec\include\libavutil\downmix_info.h">
      <Filter>头文件</Filter>
    </ClInclude>
    <ClInclude Include="codec\include\libavutil\encryption_info.h">
      <Filter>头文件</Filter>
    </ClInclude>
    <ClInclude Include="codec\include\libavutil\error.h">
      <Filter>头文件</Filter>
    </ClInclude>
    <ClInclude Include="codec\include\libavutil\eval.h">
      <Filter>头文件</Filter>
    </ClInclude>
    <ClInclude Include="codec\include\libavutil\ffversion.h">
      <Filter>头文件</Filter>
    </ClInclude>
    <ClInclude Include="codec\include\libavutil\fifo.h">
      <Filter>头文件</Filter>
    </ClInclude>
    <ClInclude Include="codec\include\libavutil\file.h">
      <Filter>头文件</Filter>
    </ClInclude>
    <ClInclude Include="codec\include\libavutil\frame.h">
      <Filter>头文件</Filter>
    </ClInclude>
    <ClInclude Include="codec\include\libavutil\hash.h">
      <Filter>头文件</Filter>
    </ClInclude>
    <ClInclude Include="codec\include\libavutil\hmac.h">
      <Filter>头文件</Filter>
    </ClInclude>
    <ClInclude Include="codec\include\libavutil\hwcontext.h">
      <Filter>头文件</Filter>
    </ClInclude>
    <ClInclude Include="codec\include\libavutil\hwcontext_cuda.h">
      <Filter>头文件</Filter>
    </ClInclude>
    <ClInclude Include="codec\include\libavutil\hwcontext_d3d11va.h">
      <Filter>头文件</Filter>
    </ClInclude>
    <ClInclude Include="codec\include\libavutil\hwcontext_drm.h">
      <Filter>头文件</Filter>
    </ClInclude>
    <ClInclude Include="codec\include\libavutil\hwcontext_dxva2.h">
      <Filter>头文件</Filter>
    </ClInclude>
    <ClInclude Include="codec\include\libavutil\hwcontext_mediacodec.h">
      <Filter>头文件</Filter>
    </ClInclude>
    <ClInclude Include="codec\include\libavutil\hwcontext_qsv.h">
      <Filter>头文件</Filter>
    </ClInclude>
    <ClInclude Include="codec\include\libavutil\hwcontext_vaapi.h">
      <Filter>头文件</Filter>
    </ClInclude>
    <ClInclude Include="codec\include\libavutil\hwcontext_vdpau.h">
      <Filter>头文件</Filter>
    </ClInclude>
    <ClInclude Include="codec\include\libavutil\hwcontext_videotoolbox.h">
      <Filter>头文件</Filter>
    </ClInclude>
    <ClInclude Include="codec\include\libavutil\imgutils.h">
      <Filter>头文件</Filter>
    </ClInclude>
    <ClInclude Include="codec\include\libavutil\intfloat.h">
      <Filter>头文件</Filter>
    </ClInclude>
    <ClInclude Include="codec\include\libavutil\intreadwrite.h">
      <Filter>头文件</Filter>
    </ClInclude>
    <ClInclude Include="codec\include\libavutil\lfg.h">
      <Filter>头文件</Filter>
    </ClInclude>
    <ClInclude Include="codec\include\libavutil\log.h">
      <Filter>头文件</Filter>
    </ClInclude>
    <ClInclude Include="codec\include\libavutil\macros.h">
      <Filter>头文件</Filter>
    </ClInclude>
    <ClInclude Include="codec\include\libavutil\mastering_display_metadata.h">
      <Filter>头文件</Filter>
    </ClInclude>
    <ClInclude Include="codec\include\libavutil\mathematics.h">
      <Filter>头文件</Filter>
    </ClInclude>
    <ClInclude Include="codec\include\libavutil\md5.h">
      <Filter>头文件</Filter>
    </ClInclude>
    <ClInclude Include="codec\include\libavutil\mem.h">
      <Filter>头文件</Filter>
    </ClInclude>
    <ClInclude Include="codec\include\libavutil\motion_vector.h">
      <Filter>头文件</Filter>
    </ClInclude>
    <ClInclude Include="codec\include\libavutil\murmur3.h">
      <Filter>头文件</Filter>
    </ClInclude>
    <ClInclude Include="codec\include\libavutil\opt.h">
      <Filter>头文件</Filter>
    </ClInclude>
    <ClInclude Include="codec\include\libavutil\parseutils.h">
      <Filter>头文件</Filter>
    </ClInclude>
    <ClInclude Include="codec\include\libavutil\pixdesc.h">
      <Filter>头文件</Filter>
    </ClInclude>
    <ClInclude Include="codec\include\libavutil\pixelutils.h">
      <Filter>头文件</Filter>
    </ClInclude>
    <ClInclude Include="codec\include\libavutil\pixfmt.h">
      <Filter>头文件</Filter>
    </ClInclude>
    <ClInclude Include="codec\include\libavutil\random_seed.h">
      <Filter>头文件</Filter>
    </ClInclude>
    <ClInclude Include="codec\include\libavutil\rational.h">
      <Filter>头文件</Filter>
    </ClInclude>
    <ClInclude Include="codec\include\libavutil\rc4.h">
      <Filter>头文件</Filter>
    </ClInclude>
    <ClInclude Include="codec\include\libavutil\replaygain.h">
      <Filter>头文件</Filter>
    </ClInclude>
    <ClInclude Include="codec\include\libavutil\ripemd.h">
      <Filter>头文件</Filter>
    </ClInclude>
    <ClInclude Include="codec\include\libavutil\samplefmt.h">
      <Filter>头文件</Filter>
    </ClInclude>
    <ClInclude Include="codec\include\libavutil\sha.h">
      <Filter>头文件</Filter>
    </ClInclude>
    <ClInclude Include="codec\include\libavutil\sha512.h">
      <Filter>头文件</Filter>
    </ClInclude>
    <ClInclude Include="codec\include\libavutil\spherical.h">
      <Filter>头文件</Filter>
    </ClInclude>
    <ClInclude Include="codec\include\libavutil\stereo3d.h">
      <Filter>头文件</Filter>
    </ClInclude>
    <ClInclude Include="codec\include\libavutil\tea.h">
      <Filter>头文件</Filter>
    </ClInclude>
    <ClInclude Include="codec\include\libavutil\threadmessage.h">
      <Filter>头文件</Filter>
    </ClInclude>
    <ClInclude Include="codec\include\libavutil\time.h">
      <Filter>头文件</Filter>
    </ClInclude>
    <ClInclude Include="codec\include\libavutil\timecode.h">
      <Filter>头文件</Filter>
    </ClInclude>
    <ClInclude Include="codec\include\libavutil\timestamp.h">
      <Filter>头文件</Filter>
    </ClInclude>
    <ClInclude Include="codec\include\libavutil\tree.h">
      <Filter>头文件</Filter>
    </ClInclude>
    <ClInclude Include="codec\include\libavutil\twofish.h">
      <Filter>头文件</Filter>
    </ClInclude>
    <ClInclude Include="codec\include\libavutil\version.h">
      <Filter>头文件</Filter>
    </ClInclude>
    <ClInclude Include="codec\include\libavutil\xtea.h">
      <Filter>头文件</Filter>
    </ClInclude>
    <ClInclude Include="codec\include\libswresample\swresample.h">
      <Filter>头文件</Filter>
    </ClInclude>
    <ClInclude Include="codec\include\libswresample\version.h">
      <Filter>头文件</Filter>
    </ClInclude>
    <ClInclude Include="codec\include\libswscale\swscale.h">
      <Filter>头文件</Filter>
    </ClInclude>
    <ClInclude Include="codec\include\libswscale\version.h">
      <Filter>头文件</Filter>
    </ClInclude>
    <ClInclude Include="codec\h264_codec.h">
      <Filter>头文件</Filter>
    </ClInclude>
    <ClInclude Include="codec\libyuv.h">
      <Filter>头文件</Filter>
    </ClInclude>
    <ClInclude Include="codec\libyuv\basic_types.h">
      <Filter>头文件</Filter>
    </ClInclude>
    <ClInclude Include="codec\libyuv\compare.h">
      <Filter>头文件</Filter>
    </ClInclude>
    <ClInclude Include="codec\libyuv\compare_row.h">
      <Filter>头文件</Filter>
    </ClInclude>
    <ClInclude Include="codec\libyuv\convert.h">
      <Filter>头文件</Filter>
    </ClInclude>
    <ClInclude Include="codec\libyuv\convert_argb.h">
      <Filter>头文件</Filter>
    </ClInclude>
    <ClInclude Include="codec\libyuv\convert_from.h">
      <Filter>头文件</Filter>
    </ClInclude>
    <ClInclude Include="codec\libyuv\convert_from_argb.h">
      <Filter>头文件</Filter>
    </ClInclude>
    <ClInclude Include="codec\libyuv\cpu_id.h">
      <Filter>头文件</Filter>
    </ClInclude>
    <ClInclude Include="codec\libyuv\macros_msa.h">
      <Filter>头文件</Filter>
    </ClInclude>
    <ClInclude Include="codec\libyuv\mjpeg_decoder.h">
      <Filter>头文件</Filter>
    </ClInclude>
    <ClInclude Include="codec\libyuv\planar_functions.h">
      <Filter>头文件</Filter>
    </ClInclude>
    <ClInclude Include="codec\libyuv\rotate.h">
      <Filter>头文件</Filter>
    </ClInclude>
    <ClInclude Include="codec\libyuv\rotate_argb.h">
      <Filter>头文件</Filter>
    </ClInclude>
    <ClInclude Include="codec\libyuv\rotate_row.h">
      <Filter>头文件</Filter>
    </ClInclude>
    <ClInclude Include="codec\libyuv\row.h">
      <Filter>头文件</Filter>
    </ClInclude>
    <ClInclude Include="codec\libyuv\scale.h">
      <Filter>头文件</Filter>
    </ClInclude>
    <ClInclude Include="codec\libyuv\scale_argb.h">
      <Filter>头文件</Filter>
    </ClInclude>
    <ClInclude Include="codec\libyuv\scale_row.h">
      <Filter>头文件</Filter>
    </ClInclude>
    <ClInclude Include="codec\libyuv\version.h">
      <Filter>头文件</Filter>
    </ClInclude>
    <ClInclude Include="codec\libyuv\video_common.h">
      <Filter>头文件</Filter>
    </ClInclude>
    <ClInclude Include="include\framequeue.h">
      <Filter>头文件</Filter>
    </ClInclude>
    <ClInclude Include="include\pthread.h">
      <Filter>头文件</Filter>
    </ClInclude>
    <ClInclude Include="include\sched.h">
      <Filter>头文件</Filter>
    </ClInclude>
    <ClInclude Include="include\semaphore.h">
      <Filter>头文件</Filter>
    </ClInclude>
    <ClInclude Include="include\Mp4Record.h">
      <Filter>头文件</Filter>
    </ClInclude>
    <ClInclude Include="rtsp\include\BasicUsageEnvironment\include\BasicHashTable.hh">
      <Filter>头文件</Filter>
    </ClInclude>
    <ClInclude Include="rtsp\include\BasicUsageEnvironment\include\BasicUsageEnvironment.hh">
      <Filter>头文件</Filter>
    </ClInclude>
    <ClInclude Include="rtsp\include\BasicUsageEnvironment\include\BasicUsageEnvironment_version.hh">
      <Filter>头文件</Filter>
    </ClInclude>
    <ClInclude Include="rtsp\include\BasicUsageEnvironment\include\BasicUsageEnvironment0.hh">
      <Filter>头文件</Filter>
    </ClInclude>
    <ClInclude Include="rtsp\include\BasicUsageEnvironment\include\DelayQueue.hh">
      <Filter>头文件</Filter>
    </ClInclude>
    <ClInclude Include="rtsp\include\BasicUsageEnvironment\include\HandlerSet.hh">
      <Filter>头文件</Filter>
    </ClInclude>
    <ClInclude Include="rtsp\include\groupsock\include\GroupEId.hh">
      <Filter>头文件</Filter>
    </ClInclude>
    <ClInclude Include="rtsp\include\groupsock\include\Groupsock.hh">
      <Filter>头文件</Filter>
    </ClInclude>
    <ClInclude Include="rtsp\include\groupsock\include\groupsock_version.hh">
      <Filter>头文件</Filter>
    </ClInclude>
    <ClInclude Include="rtsp\include\groupsock\include\GroupsockHelper.hh">
      <Filter>头文件</Filter>
    </ClInclude>
    <ClInclude Include="rtsp\include\groupsock\include\IOHandlers.hh">
      <Filter>头文件</Filter>
    </ClInclude>
    <ClInclude Include="rtsp\include\groupsock\include\NetAddress.hh">
      <Filter>头文件</Filter>
    </ClInclude>
    <ClInclude Include="rtsp\include\groupsock\include\NetCommon.h">
      <Filter>头文件</Filter>
    </ClInclude>
    <ClInclude Include="rtsp\include\groupsock\include\NetInterface.hh">
      <Filter>头文件</Filter>
    </ClInclude>
    <ClInclude Include="rtsp\include\groupsock\include\TunnelEncaps.hh">
      <Filter>头文件</Filter>
    </ClInclude>
    <ClInclude Include="rtsp\include\liveMedia\include\AC3AudioFileServerMediaSubsession.hh">
      <Filter>头文件</Filter>
    </ClInclude>
    <ClInclude Include="rtsp\include\liveMedia\include\AC3AudioRTPSink.hh">
      <Filter>头文件</Filter>
    </ClInclude>
    <ClInclude Include="rtsp\include\liveMedia\include\AC3AudioRTPSource.hh">
      <Filter>头文件</Filter>
    </ClInclude>
    <ClInclude Include="rtsp\include\liveMedia\include\AC3AudioStreamFramer.hh">
      <Filter>头文件</Filter>
    </ClInclude>
    <ClInclude Include="rtsp\include\liveMedia\include\ADTSAudioFileServerMediaSubsession.hh">
      <Filter>头文件</Filter>
    </ClInclude>
    <ClInclude Include="rtsp\include\liveMedia\include\ADTSAudioFileSource.hh">
      <Filter>头文件</Filter>
    </ClInclude>
    <ClInclude Include="rtsp\include\liveMedia\include\AMRAudioFileServerMediaSubsession.hh">
      <Filter>头文件</Filter>
    </ClInclude>
    <ClInclude Include="rtsp\include\liveMedia\include\AMRAudioFileSink.hh">
      <Filter>头文件</Filter>
    </ClInclude>
    <ClInclude Include="rtsp\include\liveMedia\include\AMRAudioFileSource.hh">
      <Filter>头文件</Filter>
    </ClInclude>
    <ClInclude Include="rtsp\include\liveMedia\include\AMRAudioRTPSink.hh">
      <Filter>头文件</Filter>
    </ClInclude>
    <ClInclude Include="rtsp\include\liveMedia\include\AMRAudioRTPSource.hh">
      <Filter>头文件</Filter>
    </ClInclude>
    <ClInclude Include="rtsp\include\liveMedia\include\AMRAudioSource.hh">
      <Filter>头文件</Filter>
    </ClInclude>
    <ClInclude Include="rtsp\include\liveMedia\include\AudioInputDevice.hh">
      <Filter>头文件</Filter>
    </ClInclude>
    <ClInclude Include="rtsp\include\liveMedia\include\AudioRTPSink.hh">
      <Filter>头文件</Filter>
    </ClInclude>
    <ClInclude Include="rtsp\include\liveMedia\include\AVIFileSink.hh">
      <Filter>头文件</Filter>
    </ClInclude>
    <ClInclude Include="rtsp\include\liveMedia\include\Base64.hh">
      <Filter>头文件</Filter>
    </ClInclude>
    <ClInclude Include="rtsp\include\liveMedia\include\BasicUDPSink.hh">
      <Filter>头文件</Filter>
    </ClInclude>
    <ClInclude Include="rtsp\include\liveMedia\include\BasicUDPSource.hh">
      <Filter>头文件</Filter>
    </ClInclude>
    <ClInclude Include="rtsp\include\liveMedia\include\BitVector.hh">
      <Filter>头文件</Filter>
    </ClInclude>
    <ClInclude Include="rtsp\include\liveMedia\include\ByteStreamFileSource.hh">
      <Filter>头文件</Filter>
    </ClInclude>
    <ClInclude Include="rtsp\include\liveMedia\include\ByteStreamMemoryBufferSource.hh">
      <Filter>头文件</Filter>
    </ClInclude>
    <ClInclude Include="rtsp\include\liveMedia\include\ByteStreamMultiFileSource.hh">
      <Filter>头文件</Filter>
    </ClInclude>
    <ClInclude Include="rtsp\include\liveMedia\include\DeviceSource.hh">
      <Filter>头文件</Filter>
    </ClInclude>
    <ClInclude Include="rtsp\include\liveMedia\include\DigestAuthentication.hh">
      <Filter>头文件</Filter>
    </ClInclude>
    <ClInclude Include="rtsp\include\liveMedia\include\DVVideoFileServerMediaSubsession.hh">
      <Filter>头文件</Filter>
    </ClInclude>
    <ClInclude Include="rtsp\include\liveMedia\include\DVVideoRTPSink.hh">
      <Filter>头文件</Filter>
    </ClInclude>
    <ClInclude Include="rtsp\include\liveMedia\include\DVVideoRTPSource.hh">
      <Filter>头文件</Filter>
    </ClInclude>
    <ClInclude Include="rtsp\include\liveMedia\include\DVVideoStreamFramer.hh">
      <Filter>头文件</Filter>
    </ClInclude>
    <ClInclude Include="rtsp\include\liveMedia\include\FileServerMediaSubsession.hh">
      <Filter>头文件</Filter>
    </ClInclude>
    <ClInclude Include="rtsp\include\liveMedia\include\FileSink.hh">
      <Filter>头文件</Filter>
    </ClInclude>
    <ClInclude Include="rtsp\include\liveMedia\include\FramedFileSource.hh">
      <Filter>头文件</Filter>
    </ClInclude>
    <ClInclude Include="rtsp\include\liveMedia\include\FramedFilter.hh">
      <Filter>头文件</Filter>
    </ClInclude>
    <ClInclude Include="rtsp\include\liveMedia\include\FramedSource.hh">
      <Filter>头文件</Filter>
    </ClInclude>
    <ClInclude Include="rtsp\include\liveMedia\include\GenericMediaServer.hh">
      <Filter>头文件</Filter>
    </ClInclude>
    <ClInclude Include="rtsp\include\liveMedia\include\GSMAudioRTPSink.hh">
      <Filter>头文件</Filter>
    </ClInclude>
    <ClInclude Include="rtsp\include\liveMedia\include\H261VideoRTPSource.hh">
      <Filter>头文件</Filter>
    </ClInclude>
    <ClInclude Include="rtsp\include\liveMedia\include\H263plusVideoFileServerMediaSubsession.hh">
      <Filter>头文件</Filter>
    </ClInclude>
    <ClInclude Include="rtsp\include\liveMedia\include\H263plusVideoRTPSink.hh">
      <Filter>头文件</Filter>
    </ClInclude>
    <ClInclude Include="rtsp\include\liveMedia\include\H263plusVideoRTPSource.hh">
      <Filter>头文件</Filter>
    </ClInclude>
    <ClInclude Include="rtsp\include\liveMedia\include\H263plusVideoStreamFramer.hh">
      <Filter>头文件</Filter>
    </ClInclude>
    <ClInclude Include="rtsp\include\liveMedia\include\H264or5VideoFileSink.hh">
      <Filter>头文件</Filter>
    </ClInclude>
    <ClInclude Include="rtsp\include\liveMedia\include\H264or5VideoRTPSink.hh">
      <Filter>头文件</Filter>
    </ClInclude>
    <ClInclude Include="rtsp\include\liveMedia\include\H264or5VideoStreamDiscreteFramer.hh">
      <Filter>头文件</Filter>
    </ClInclude>
    <ClInclude Include="rtsp\include\liveMedia\include\H264or5VideoStreamFramer.hh">
      <Filter>头文件</Filter>
    </ClInclude>
    <ClInclude Include="rtsp\include\liveMedia\include\H264VideoFileServerMediaSubsession.hh">
      <Filter>头文件</Filter>
    </ClInclude>
    <ClInclude Include="rtsp\include\liveMedia\include\H264VideoFileSink.hh">
      <Filter>头文件</Filter>
    </ClInclude>
    <ClInclude Include="rtsp\include\liveMedia\include\H264VideoRTPSink.hh">
      <Filter>头文件</Filter>
    </ClInclude>
    <ClInclude Include="rtsp\include\liveMedia\include\H264VideoRTPSource.hh">
      <Filter>头文件</Filter>
    </ClInclude>
    <ClInclude Include="rtsp\include\liveMedia\include\H264VideoStreamDiscreteFramer.hh">
      <Filter>头文件</Filter>
    </ClInclude>
    <ClInclude Include="rtsp\include\liveMedia\include\H264VideoStreamFramer.hh">
      <Filter>头文件</Filter>
    </ClInclude>
    <ClInclude Include="rtsp\include\liveMedia\include\H265VideoFileServerMediaSubsession.hh">
      <Filter>头文件</Filter>
    </ClInclude>
    <ClInclude Include="rtsp\include\liveMedia\include\H265VideoFileSink.hh">
      <Filter>头文件</Filter>
    </ClInclude>
    <ClInclude Include="rtsp\include\liveMedia\include\H265VideoRTPSink.hh">
      <Filter>头文件</Filter>
    </ClInclude>
    <ClInclude Include="rtsp\include\liveMedia\include\H265VideoRTPSource.hh">
      <Filter>头文件</Filter>
    </ClInclude>
    <ClInclude Include="rtsp\include\liveMedia\include\H265VideoStreamDiscreteFramer.hh">
      <Filter>头文件</Filter>
    </ClInclude>
    <ClInclude Include="rtsp\include\liveMedia\include\H265VideoStreamFramer.hh">
      <Filter>头文件</Filter>
    </ClInclude>
    <ClInclude Include="rtsp\include\liveMedia\include\InputFile.hh">
      <Filter>头文件</Filter>
    </ClInclude>
    <ClInclude Include="rtsp\include\liveMedia\include\JPEGVideoRTPSink.hh">
      <Filter>头文件</Filter>
    </ClInclude>
    <ClInclude Include="rtsp\include\liveMedia\include\JPEGVideoRTPSource.hh">
      <Filter>头文件</Filter>
    </ClInclude>
    <ClInclude Include="rtsp\include\liveMedia\include\JPEGVideoSource.hh">
      <Filter>头文件</Filter>
    </ClInclude>
    <ClInclude Include="rtsp\include\liveMedia\include\liveMedia.hh">
      <Filter>头文件</Filter>
    </ClInclude>
    <ClInclude Include="rtsp\include\liveMedia\include\liveMedia_version.hh">
      <Filter>头文件</Filter>
    </ClInclude>
    <ClInclude Include="rtsp\include\liveMedia\include\Locale.hh">
      <Filter>头文件</Filter>
    </ClInclude>
    <ClInclude Include="rtsp\include\liveMedia\include\MatroskaFile.hh">
      <Filter>头文件</Filter>
    </ClInclude>
    <ClInclude Include="rtsp\include\liveMedia\include\MatroskaFileServerDemux.hh">
      <Filter>头文件</Filter>
    </ClInclude>
    <ClInclude Include="rtsp\include\liveMedia\include\Media.hh">
      <Filter>头文件</Filter>
    </ClInclude>
    <ClInclude Include="rtsp\include\liveMedia\include\MediaSession.hh">
      <Filter>头文件</Filter>
    </ClInclude>
    <ClInclude Include="rtsp\include\liveMedia\include\MediaSink.hh">
      <Filter>头文件</Filter>
    </ClInclude>
    <ClInclude Include="rtsp\include\liveMedia\include\MediaSource.hh">
      <Filter>头文件</Filter>
    </ClInclude>
    <ClInclude Include="rtsp\include\liveMedia\include\MediaTranscodingTable.hh">
      <Filter>头文件</Filter>
    </ClInclude>
    <ClInclude Include="rtsp\include\liveMedia\include\MP3ADU.hh">
      <Filter>头文件</Filter>
    </ClInclude>
    <ClInclude Include="rtsp\include\liveMedia\include\MP3ADUinterleaving.hh">
      <Filter>头文件</Filter>
    </ClInclude>
    <ClInclude Include="rtsp\include\liveMedia\include\MP3ADURTPSink.hh">
      <Filter>头文件</Filter>
    </ClInclude>
    <ClInclude Include="rtsp\include\liveMedia\include\MP3ADURTPSource.hh">
      <Filter>头文件</Filter>
    </ClInclude>
    <ClInclude Include="rtsp\include\liveMedia\include\MP3ADUTranscoder.hh">
      <Filter>头文件</Filter>
    </ClInclude>
    <ClInclude Include="rtsp\include\liveMedia\include\MP3AudioFileServerMediaSubsession.hh">
      <Filter>头文件</Filter>
    </ClInclude>
    <ClInclude Include="rtsp\include\liveMedia\include\MP3FileSource.hh">
      <Filter>头文件</Filter>
    </ClInclude>
    <ClInclude Include="rtsp\include\liveMedia\include\MP3Transcoder.hh">
      <Filter>头文件</Filter>
    </ClInclude>
    <ClInclude Include="rtsp\include\liveMedia\include\MPEG1or2AudioRTPSink.hh">
      <Filter>头文件</Filter>
    </ClInclude>
    <ClInclude Include="rtsp\include\liveMedia\include\MPEG1or2AudioRTPSource.hh">
      <Filter>头文件</Filter>
    </ClInclude>
    <ClInclude Include="rtsp\include\liveMedia\include\MPEG1or2AudioStreamFramer.hh">
      <Filter>头文件</Filter>
    </ClInclude>
    <ClInclude Include="rtsp\include\liveMedia\include\MPEG1or2Demux.hh">
      <Filter>头文件</Filter>
    </ClInclude>
    <ClInclude Include="rtsp\include\liveMedia\include\MPEG1or2DemuxedElementaryStream.hh">
      <Filter>头文件</Filter>
    </ClInclude>
    <ClInclude Include="rtsp\include\liveMedia\include\MPEG1or2DemuxedServerMediaSubsession.hh">
      <Filter>头文件</Filter>
    </ClInclude>
    <ClInclude Include="rtsp\include\liveMedia\include\MPEG1or2FileServerDemux.hh">
      <Filter>头文件</Filter>
    </ClInclude>
    <ClInclude Include="rtsp\include\liveMedia\include\MPEG1or2VideoFileServerMediaSubsession.hh">
      <Filter>头文件</Filter>
    </ClInclude>
    <ClInclude Include="rtsp\include\liveMedia\include\MPEG1or2VideoRTPSink.hh">
      <Filter>头文件</Filter>
    </ClInclude>
    <ClInclude Include="rtsp\include\liveMedia\include\MPEG1or2VideoRTPSource.hh">
      <Filter>头文件</Filter>
    </ClInclude>
    <ClInclude Include="rtsp\include\liveMedia\include\MPEG1or2VideoStreamDiscreteFramer.hh">
      <Filter>头文件</Filter>
    </ClInclude>
    <ClInclude Include="rtsp\include\liveMedia\include\MPEG1or2VideoStreamFramer.hh">
      <Filter>头文件</Filter>
    </ClInclude>
    <ClInclude Include="rtsp\include\liveMedia\include\MPEG2IndexFromTransportStream.hh">
      <Filter>头文件</Filter>
    </ClInclude>
    <ClInclude Include="rtsp\include\liveMedia\include\MPEG2TransportFileServerMediaSubsession.hh">
      <Filter>头文件</Filter>
    </ClInclude>
    <ClInclude Include="rtsp\include\liveMedia\include\MPEG2TransportStreamAccumulator.hh">
      <Filter>头文件</Filter>
    </ClInclude>
    <ClInclude Include="rtsp\include\liveMedia\include\MPEG2TransportStreamFramer.hh">
      <Filter>头文件</Filter>
    </ClInclude>
    <ClInclude Include="rtsp\include\liveMedia\include\MPEG2TransportStreamFromESSource.hh">
      <Filter>头文件</Filter>
    </ClInclude>
    <ClInclude Include="rtsp\include\liveMedia\include\MPEG2TransportStreamFromPESSource.hh">
      <Filter>头文件</Filter>
    </ClInclude>
    <ClInclude Include="rtsp\include\liveMedia\include\MPEG2TransportStreamIndexFile.hh">
      <Filter>头文件</Filter>
    </ClInclude>
    <ClInclude Include="rtsp\include\liveMedia\include\MPEG2TransportStreamMultiplexor.hh">
      <Filter>头文件</Filter>
    </ClInclude>
    <ClInclude Include="rtsp\include\liveMedia\include\MPEG2TransportStreamTrickModeFilter.hh">
      <Filter>头文件</Filter>
    </ClInclude>
    <ClInclude Include="rtsp\include\liveMedia\include\MPEG2TransportUDPServerMediaSubsession.hh">
      <Filter>头文件</Filter>
    </ClInclude>
    <ClInclude Include="rtsp\include\liveMedia\include\MPEG4ESVideoRTPSink.hh">
      <Filter>头文件</Filter>
    </ClInclude>
    <ClInclude Include="rtsp\include\liveMedia\include\MPEG4ESVideoRTPSource.hh">
      <Filter>头文件</Filter>
    </ClInclude>
    <ClInclude Include="rtsp\include\liveMedia\include\MPEG4GenericRTPSink.hh">
      <Filter>头文件</Filter>
    </ClInclude>
    <ClInclude Include="rtsp\include\liveMedia\include\MPEG4GenericRTPSource.hh">
      <Filter>头文件</Filter>
    </ClInclude>
    <ClInclude Include="rtsp\include\liveMedia\include\MPEG4LATMAudioRTPSink.hh">
      <Filter>头文件</Filter>
    </ClInclude>
    <ClInclude Include="rtsp\include\liveMedia\include\MPEG4LATMAudioRTPSource.hh">
      <Filter>头文件</Filter>
    </ClInclude>
    <ClInclude Include="rtsp\include\liveMedia\include\MPEG4VideoFileServerMediaSubsession.hh">
      <Filter>头文件</Filter>
    </ClInclude>
    <ClInclude Include="rtsp\include\liveMedia\include\MPEG4VideoStreamDiscreteFramer.hh">
      <Filter>头文件</Filter>
    </ClInclude>
    <ClInclude Include="rtsp\include\liveMedia\include\MPEG4VideoStreamFramer.hh">
      <Filter>头文件</Filter>
    </ClInclude>
    <ClInclude Include="rtsp\include\liveMedia\include\MPEGVideoStreamFramer.hh">
      <Filter>头文件</Filter>
    </ClInclude>
    <ClInclude Include="rtsp\include\liveMedia\include\MultiFramedRTPSink.hh">
      <Filter>头文件</Filter>
    </ClInclude>
    <ClInclude Include="rtsp\include\liveMedia\include\MultiFramedRTPSource.hh">
      <Filter>头文件</Filter>
    </ClInclude>
    <ClInclude Include="rtsp\include\liveMedia\include\OggFile.hh">
      <Filter>头文件</Filter>
    </ClInclude>
    <ClInclude Include="rtsp\include\liveMedia\include\OggFileServerDemux.hh">
      <Filter>头文件</Filter>
    </ClInclude>
    <ClInclude Include="rtsp\include\liveMedia\include\OggFileSink.hh">
      <Filter>头文件</Filter>
    </ClInclude>
    <ClInclude Include="rtsp\include\liveMedia\include\OnDemandServerMediaSubsession.hh">
      <Filter>头文件</Filter>
    </ClInclude>
    <ClInclude Include="rtsp\include\liveMedia\include\ourMD5.hh">
      <Filter>头文件</Filter>
    </ClInclude>
    <ClInclude Include="rtsp\include\liveMedia\include\OutputFile.hh">
      <Filter>头文件</Filter>
    </ClInclude>
    <ClInclude Include="rtsp\include\liveMedia\include\PassiveServerMediaSubsession.hh">
      <Filter>头文件</Filter>
    </ClInclude>
    <ClInclude Include="rtsp\include\liveMedia\include\ProxyServerMediaSession.hh">
      <Filter>头文件</Filter>
    </ClInclude>
    <ClInclude Include="rtsp\include\liveMedia\include\QCELPAudioRTPSource.hh">
      <Filter>头文件</Filter>
    </ClInclude>
    <ClInclude Include="rtsp\include\liveMedia\include\QuickTimeFileSink.hh">
      <Filter>头文件</Filter>
    </ClInclude>
    <ClInclude Include="rtsp\include\liveMedia\include\QuickTimeGenericRTPSource.hh">
      <Filter>头文件</Filter>
    </ClInclude>
    <ClInclude Include="rtsp\include\liveMedia\include\RawVideoRTPSink.hh">
      <Filter>头文件</Filter>
    </ClInclude>
    <ClInclude Include="rtsp\include\liveMedia\include\RawVideoRTPSource.hh">
      <Filter>头文件</Filter>
    </ClInclude>
    <ClInclude Include="rtsp\include\liveMedia\include\RTCP.hh">
      <Filter>头文件</Filter>
    </ClInclude>
    <ClInclude Include="rtsp\include\liveMedia\include\RTPInterface.hh">
      <Filter>头文件</Filter>
    </ClInclude>
    <ClInclude Include="rtsp\include\liveMedia\include\RTPSink.hh">
      <Filter>头文件</Filter>
    </ClInclude>
    <ClInclude Include="rtsp\include\liveMedia\include\RTPSource.hh">
      <Filter>头文件</Filter>
    </ClInclude>
    <ClInclude Include="rtsp\include\liveMedia\include\RTSPClient.hh">
      <Filter>头文件</Filter>
    </ClInclude>
    <ClInclude Include="rtsp\include\liveMedia\include\RTSPCommon.hh">
      <Filter>头文件</Filter>
    </ClInclude>
    <ClInclude Include="rtsp\include\liveMedia\include\RTSPRegisterSender.hh">
      <Filter>头文件</Filter>
    </ClInclude>
    <ClInclude Include="rtsp\include\liveMedia\include\RTSPServer.hh">
      <Filter>头文件</Filter>
    </ClInclude>
    <ClInclude Include="rtsp\include\liveMedia\include\RTSPServerSupportingHTTPStreaming.hh">
      <Filter>头文件</Filter>
    </ClInclude>
    <ClInclude Include="rtsp\include\liveMedia\include\ServerMediaSession.hh">
      <Filter>头文件</Filter>
    </ClInclude>
    <ClInclude Include="rtsp\include\liveMedia\include\SimpleRTPSink.hh">
      <Filter>头文件</Filter>
    </ClInclude>
    <ClInclude Include="rtsp\include\liveMedia\include\SimpleRTPSource.hh">
      <Filter>头文件</Filter>
    </ClInclude>
    <ClInclude Include="rtsp\include\liveMedia\include\SIPClient.hh">
      <Filter>头文件</Filter>
    </ClInclude>
    <ClInclude Include="rtsp\include\liveMedia\include\StreamReplicator.hh">
      <Filter>头文件</Filter>
    </ClInclude>
    <ClInclude Include="rtsp\include\liveMedia\include\T140TextRTPSink.hh">
      <Filter>头文件</Filter>
    </ClInclude>
    <ClInclude Include="rtsp\include\liveMedia\include\TCPStreamSink.hh">
      <Filter>头文件</Filter>
    </ClInclude>
    <ClInclude Include="rtsp\include\liveMedia\include\TextRTPSink.hh">
      <Filter>头文件</Filter>
    </ClInclude>
    <ClInclude Include="rtsp\include\liveMedia\include\TheoraVideoRTPSink.hh">
      <Filter>头文件</Filter>
    </ClInclude>
    <ClInclude Include="rtsp\include\liveMedia\include\TheoraVideoRTPSource.hh">
      <Filter>头文件</Filter>
    </ClInclude>
    <ClInclude Include="rtsp\include\liveMedia\include\uLawAudioFilter.hh">
      <Filter>头文件</Filter>
    </ClInclude>
    <ClInclude Include="rtsp\include\liveMedia\include\VideoRTPSink.hh">
      <Filter>头文件</Filter>
    </ClInclude>
    <ClInclude Include="rtsp\include\liveMedia\include\VorbisAudioRTPSink.hh">
      <Filter>头文件</Filter>
    </ClInclude>
    <ClInclude Include="rtsp\include\liveMedia\include\VorbisAudioRTPSource.hh">
      <Filter>头文件</Filter>
    </ClInclude>
    <ClInclude Include="rtsp\include\liveMedia\include\VP8VideoRTPSink.hh">
      <Filter>头文件</Filter>
    </ClInclude>
    <ClInclude Include="rtsp\include\liveMedia\include\VP8VideoRTPSource.hh">
      <Filter>头文件</Filter>
    </ClInclude>
    <ClInclude Include="rtsp\include\liveMedia\include\VP9VideoRTPSink.hh">
      <Filter>头文件</Filter>
    </ClInclude>
    <ClInclude Include="rtsp\include\liveMedia\include\VP9VideoRTPSource.hh">
      <Filter>头文件</Filter>
    </ClInclude>
    <ClInclude Include="rtsp\include\liveMedia\include\WAVAudioFileServerMediaSubsession.hh">
      <Filter>头文件</Filter>
    </ClInclude>
    <ClInclude Include="rtsp\include\liveMedia\include\WAVAudioFileSource.hh">
      <Filter>头文件</Filter>
    </ClInclude>
    <ClInclude Include="rtsp\include\UsageEnvironment\include\Boolean.hh">
      <Filter>头文件</Filter>
    </ClInclude>
    <ClInclude Include="rtsp\include\UsageEnvironment\include\HashTable.hh">
      <Filter>头文件</Filter>
    </ClInclude>
    <ClInclude Include="rtsp\include\UsageEnvironment\include\strDup.hh">
      <Filter>头文件</Filter>
    </ClInclude>
    <ClInclude Include="rtsp\include\UsageEnvironment\include\UsageEnvironment.hh">
      <Filter>头文件</Filter>
    </ClInclude>
    <ClInclude Include="rtsp\include\UsageEnvironment\include\UsageEnvironment_version.hh">
      <Filter>头文件</Filter>
    </ClInclude>
    <ClInclude Include="rtsp\include\H264LiveCaptureThread.h">
      <Filter>头文件</Filter>
    </ClInclude>
    <ClInclude Include="rtsp\include\H264LiveFramedSource.h">
      <Filter>头文件</Filter>
    </ClInclude>
    <ClInclude Include="rtsp\include\H264LiveServerMediaSubsession.h">
      <Filter>头文件</Filter>
    </ClInclude>
    <ClInclude Include="rtsp\include\RtspServerInstance.h">
      <Filter>头文件</Filter>
    </ClInclude>
  </ItemGroup>
  <ItemGroup>
    <ClCompile Include="DShowCapture.cpp">
      <Filter>源文件</Filter>
    </ClCompile>
    <ClCompile Include="DShowCaptureDlg.cpp">
      <Filter>源文件</Filter>
    </ClCompile>
    <ClCompile Include="stdafx.cpp">
      <Filter>源文件</Filter>
    </ClCompile>
    <ClCompile Include="src\video_capture.cpp">
      <Filter>源文件</Filter>
    </ClCompile>
    <ClCompile Include="src\SampleGrabberCB.cpp">
      <Filter>源文件</Filter>
    </ClCompile>
    <ClCompile Include="codec\h264_codec.cpp">
      <Filter>源文件</Filter>
    </ClCompile>
    <ClCompile Include="src\framequeue.cpp">
      <Filter>源文件</Filter>
    </ClCompile>
    <ClCompile Include="src\Mp4Record.cpp">
      <Filter>源文件</Filter>
    </ClCompile>
    <ClCompile Include="rtsp\H264LiveCaptureThread.cpp">
      <Filter>源文件</Filter>
    </ClCompile>
    <ClCompile Include="rtsp\H264LiveFramedSource.cpp">
      <Filter>源文件</Filter>
    </ClCompile>
    <ClCompile Include="rtsp\H264LiveServerMediaSubsession.cpp">
      <Filter>源文件</Filter>
    </ClCompile>
    <ClCompile Include="rtsp\RtspServerInstance.cpp">
      <Filter>源文件</Filter>
    </ClCompile>
  </ItemGroup>
  <ItemGroup>
    <ResourceCompile Include="DShowCapture.rc">
      <Filter>资源文件</Filter>
    </ResourceCompile>
  </ItemGroup>
  <ItemGroup>
    <None Include="res\DShowCapture.rc2">
      <Filter>资源文件</Filter>
    </None>
    <None Include="DShowCapture.aps" />
  </ItemGroup>
  <ItemGroup>
    <Image Include="res\DShowCapture.ico">
      <Filter>资源文件</Filter>
    </Image>
  </ItemGroup>
  <ItemGroup>
    <Library Include="codec\lib\avcodec.lib" />
  </ItemGroup>
</Project>